
Microsoft Visual Studio Solution File, Format Version 12.00
Project("{FAE04EC0-301F-11D3-BF4B-00C04F79EFBC}") = "Cryptography.Core", "Cryptography.Core\Cryptography.Core.csproj", "{6E61F860-1F13-4D40-A485-6CC36864259C}"
EndProject
Project("{FAE04EC0-301F-11D3-BF4B-00C04F79EFBC}") = "Cryptography.UnitTests", "Cryptography.UnitTests\Cryptography.UnitTests.csproj", "{4BF81994-53A4-4333-BB94-1486471A149B}"
EndProject
Project("{FAE04EC0-301F-11D3-BF4B-00C04F79EFBC}") = "Cryptography.ConsoleApp", "Cryptography.ConsoleApp\Cryptography.ConsoleApp.csproj", "{BA09E185-9E95-4512-908F-E2F2307DA655}"
EndProject
Global
	GlobalSection(SolutionConfigurationPlatforms) = preSolution
		Debug|Any CPU = Debug|Any CPU
		Release|Any CPU = Release|Any CPU
	EndGlobalSection
	GlobalSection(ProjectConfigurationPlatforms) = postSolution
		{6E61F860-1F13-4D40-A485-6CC36864259C}.Debug|Any CPU.ActiveCfg = Debug|Any CPU
		{6E61F860-1F13-4D40-A485-6CC36864259C}.Debug|Any CPU.Build.0 = Debug|Any CPU
		{6E61F860-1F13-4D40-A485-6CC36864259C}.Release|Any CPU.ActiveCfg = Release|Any CPU
		{6E61F860-1F13-4D40-A485-6CC36864259C}.Release|Any CPU.Build.0 = Release|Any CPU
		{4BF81994-53A4-4333-BB94-1486471A149B}.Debug|Any CPU.ActiveCfg = Debug|Any CPU
		{4BF81994-53A4-4333-BB94-1486471A149B}.Debug|Any CPU.Build.0 = Debug|Any CPU
		{4BF81994-53A4-4333-BB94-1486471A149B}.Release|Any CPU.ActiveCfg = Release|Any CPU
		{4BF81994-53A4-4333-BB94-1486471A149B}.Release|Any CPU.Build.0 = Release|Any CPU
		{BA09E185-9E95-4512-908F-E2F2307DA655}.Debug|Any CPU.ActiveCfg = Debug|Any CPU
		{BA09E185-9E95-4512-908F-E2F2307DA655}.Debug|Any CPU.Build.0 = Debug|Any CPU
		{BA09E185-9E95-4512-908F-E2F2307DA655}.Release|Any CPU.ActiveCfg = Release|Any CPU
		{BA09E185-9E95-4512-908F-E2F2307DA655}.Release|Any CPU.Build.0 = Release|Any CPU
	EndGlobalSection
EndGlobal
